// !$*UTF8*$!
{
	archiveVersion = 1;
	classes = {
	};
	objectVersion = 55;
	objects = {

/* Begin PBXBuildFile section */
		C9176B132828D95D005F45F8 /* UserRowView.swift in Sources */ = {isa = PBXBuildFile; fileRef = C9176B122828D95D005F45F8 /* UserRowView.swift */; };
		C9176B182828DC7E005F45F8 /* SideMenuView.swift in Sources */ = {isa = PBXBuildFile; fileRef = C9176B172828DC7E005F45F8 /* SideMenuView.swift */; };
		C9176B1C2828DCA8005F45F8 /* SideMenuViewModel.swift in Sources */ = {isa = PBXBuildFile; fileRef = C9176B1B2828DCA8005F45F8 /* SideMenuViewModel.swift */; };
		C9176B1E2828E38C005F45F8 /* UserstatsView.swift in Sources */ = {isa = PBXBuildFile; fileRef = C9176B1D2828E38C005F45F8 /* UserstatsView.swift */; };
		C9176B202828ED9F005F45F8 /* SideMenuOptionRowView.swift in Sources */ = {isa = PBXBuildFile; fileRef = C9176B1F2828ED9F005F45F8 /* SideMenuOptionRowView.swift */; };
		C95F74332828A5CD00EB5757 /* test3App.swift in Sources */ = {isa = PBXBuildFile; fileRef = C95F74322828A5CD00EB5757 /* test3App.swift */; };
		C95F74352828A5CD00EB5757 /* ContentView.swift in Sources */ = {isa = PBXBuildFile; fileRef = C95F74342828A5CD00EB5757 /* ContentView.swift */; };
		C95F74372828A5CD00EB5757 /* Assets.xcassets in Resources */ = {isa = PBXBuildFile; fileRef = C95F74362828A5CD00EB5757 /* Assets.xcassets */; };
		C95F743A2828A5CD00EB5757 /* Preview Assets.xcassets in Resources */ = {isa = PBXBuildFile; fileRef = C95F74392828A5CD00EB5757 /* Preview Assets.xcassets */; };
		C95F74442828A5CD00EB5757 /* test3Tests.swift in Sources */ = {isa = PBXBuildFile; fileRef = C95F74432828A5CD00EB5757 /* test3Tests.swift */; };
		C95F744E2828A5CD00EB5757 /* test3UITests.swift in Sources */ = {isa = PBXBuildFile; fileRef = C95F744D2828A5CD00EB5757 /* test3UITests.swift */; };
		C95F74502828A5CD00EB5757 /* test3UITestsLaunchTests.swift in Sources */ = {isa = PBXBuildFile; fileRef = C95F744F2828A5CD00EB5757 /* test3UITestsLaunchTests.swift */; };
		C95F74662828AB6400EB5757 /* FeedView.swift in Sources */ = {isa = PBXBuildFile; fileRef = C95F74652828AB6400EB5757 /* FeedView.swift */; };
		C95F74692828AD7E00EB5757 /* TweetsRowView.swift in Sources */ = {isa = PBXBuildFile; fileRef = C95F74682828AD7E00EB5757 /* TweetsRowView.swift */; };
		C95F746C2828B2D600EB5757 /* MainTabView.swift in Sources */ = {isa = PBXBuildFile; fileRef = C95F746B2828B2D600EB5757 /* MainTabView.swift */; };
		C95F74732828B42A00EB5757 /* ExploreView.swift in Sources */ = {isa = PBXBuildFile; fileRef = C95F74722828B42A00EB5757 /* ExploreView.swift */; };
		C95F74762828B44500EB5757 /* NotificationsView.swift in Sources */ = {isa = PBXBuildFile; fileRef = C95F74752828B44500EB5757 /* NotificationsView.swift */; };
		C95F74782828B46000EB5757 /* MessagesView.swift in Sources */ = {isa = PBXBuildFile; fileRef = C95F74772828B46000EB5757 /* MessagesView.swift */; };
		C95F747C2828B57800EB5757 /* ProfileView.swift in Sources */ = {isa = PBXBuildFile; fileRef = C95F747B2828B57800EB5757 /* ProfileView.swift */; };
		C95F747E2828BEB500EB5757 /* TweetFiltrViewModel.swift in Sources */ = {isa = PBXBuildFile; fileRef = C95F747D2828BEB500EB5757 /* TweetFiltrViewModel.swift */; };
		C9E95BA628290522002892CA /* NewTweetView.swift in Sources */ = {isa = PBXBuildFile; fileRef = C9E95BA528290522002892CA /* NewTweetView.swift */; };
		C9E95BA82829070D002892CA /* TextArea.swift in Sources */ = {isa = PBXBuildFile; fileRef = C9E95BA72829070D002892CA /* TextArea.swift */; };
		C9E95BAD2829EE07002892CA /* LoginView.swift in Sources */ = {isa = PBXBuildFile; fileRef = C9E95BAC2829EE07002892CA /* LoginView.swift */; };
		C9E95BAF2829EE13002892CA /* RegistrationView.swift in Sources */ = {isa = PBXBuildFile; fileRef = C9E95BAE2829EE13002892CA /* RegistrationView.swift */; };
		C9E95BB12829EF1D002892CA /* RoundedShape.swift in Sources */ = {isa = PBXBuildFile; fileRef = C9E95BB02829EF1D002892CA /* RoundedShape.swift */; };
/* End PBXBuildFile section */

/* Begin PBXContainerItemProxy section */
		C95F74402828A5CD00EB5757 /* PBXContainerItemProxy */ = {
			isa = PBXContainerItemProxy;
			containerPortal = C95F74272828A5CD00EB5757 /* Project object */;
			proxyType = 1;
			remoteGlobalIDString = C95F742E2828A5CD00EB5757;
			remoteInfo = test3;
		};
		C95F744A2828A5CD00EB5757 /* PBXContainerItemProxy */ = {
			isa = PBXContainerItemProxy;
			containerPortal = C95F74272828A5CD00EB5757 /* Project object */;
			proxyType = 1;
			remoteGlobalIDString = C95F742E2828A5CD00EB5757;
			remoteInfo = test3;
		};
/* End PBXContainerItemProxy section */

/* Begin PBXFileReference section */
		C9176B122828D95D005F45F8 /* UserRowView.swift */ = {isa = PBXFileReference; lastKnownFileType = sourcecode.swift; path = UserRowView.swift; sourceTree = "<group>"; };
		C9176B172828DC7E005F45F8 /* SideMenuView.swift */ = {isa = PBXFileReference; lastKnownFileType = sourcecode.swift; path = SideMenuView.swift; sourceTree = "<group>"; };
		C9176B1B2828DCA8005F45F8 /* SideMenuViewModel.swift */ = {isa = PBXFileReference; lastKnownFileType = sourcecode.swift; path = SideMenuViewModel.swift; sourceTree = "<group>"; };
		C9176B1D2828E38C005F45F8 /* UserstatsView.swift */ = {isa = PBXFileReference; lastKnownFileType = sourcecode.swift; path = UserstatsView.swift; sourceTree = "<group>"; };
		C9176B1F2828ED9F005F45F8 /* SideMenuOptionRowView.swift */ = {isa = PBXFileReference; lastKnownFileType = sourcecode.swift; path = SideMenuOptionRowView.swift; sourceTree = "<group>"; };
		C95F742F2828A5CD00EB5757 /* test3.app */ = {isa = PBXFileReference; explicitFileType = wrapper.application; includeInIndex = 0; path = test3.app; sourceTree = BUILT_PRODUCTS_DIR; };
		C95F74322828A5CD00EB5757 /* test3App.swift */ = {isa = PBXFileReference; lastKnownFileType = sourcecode.swift; path = test3App.swift; sourceTree = "<group>"; };
		C95F74342828A5CD00EB5757 /* ContentView.swift */ = {isa = PBXFileReference; lastKnownFileType = sourcecode.swift; path = ContentView.swift; sourceTree = "<group>"; };
		C95F74362828A5CD00EB5757 /* Assets.xcassets */ = {isa = PBXFileReference; lastKnownFileType = folder.assetcatalog; path = Assets.xcassets; sourceTree = "<group>"; };
		C95F74392828A5CD00EB5757 /* Preview Assets.xcassets */ = {isa = PBXFileReference; lastKnownFileType = folder.assetcatalog; path = "Preview Assets.xcassets"; sourceTree = "<group>"; };
		C95F743F2828A5CD00EB5757 /* test3Tests.xctest */ = {isa = PBXFileReference; explicitFileType = wrapper.cfbundle; includeInIndex = 0; path = test3Tests.xctest; sourceTree = BUILT_PRODUCTS_DIR; };
		C95F74432828A5CD00EB5757 /* test3Tests.swift */ = {isa = PBXFileReference; lastKnownFileType = sourcecode.swift; path = test3Tests.swift; sourceTree = "<group>"; };
		C95F74492828A5CD00EB5757 /* test3UITests.xctest */ = {isa = PBXFileReference; explicitFileType = wrapper.cfbundle; includeInIndex = 0; path = test3UITests.xctest; sourceTree = BUILT_PRODUCTS_DIR; };
		C95F744D2828A5CD00EB5757 /* test3UITests.swift */ = {isa = PBXFileReference; lastKnownFileType = sourcecode.swift; path = test3UITests.swift; sourceTree = "<group>"; };
		C95F744F2828A5CD00EB5757 /* test3UITestsLaunchTests.swift */ = {isa = PBXFileReference; lastKnownFileType = sourcecode.swift; path = test3UITestsLaunchTests.swift; sourceTree = "<group>"; };
		C95F74652828AB6400EB5757 /* FeedView.swift */ = {isa = PBXFileReference; lastKnownFileType = sourcecode.swift; path = FeedView.swift; sourceTree = "<group>"; };
		C95F74682828AD7E00EB5757 /* TweetsRowView.swift */ = {isa = PBXFileReference; lastKnownFileType = sourcecode.swift; path = TweetsRowView.swift; sourceTree = "<group>"; };
		C95F746B2828B2D600EB5757 /* MainTabView.swift */ = {isa = PBXFileReference; lastKnownFileType = sourcecode.swift; path = MainTabView.swift; sourceTree = "<group>"; };
		C95F74722828B42A00EB5757 /* ExploreView.swift */ = {isa = PBXFileReference; lastKnownFileType = sourcecode.swift; path = ExploreView.swift; sourceTree = "<group>"; };
		C95F74752828B44500EB5757 /* NotificationsView.swift */ = {isa = PBXFileReference; lastKnownFileType = sourcecode.swift; path = NotificationsView.swift; sourceTree = "<group>"; };
		C95F74772828B46000EB5757 /* MessagesView.swift */ = {isa = PBXFileReference; lastKnownFileType = sourcecode.swift; path = MessagesView.swift; sourceTree = "<group>"; };
		C95F747B2828B57800EB5757 /* ProfileView.swift */ = {isa = PBXFileReference; lastKnownFileType = sourcecode.swift; path = ProfileView.swift; sourceTree = "<group>"; };
		C95F747D2828BEB500EB5757 /* TweetFiltrViewModel.swift */ = {isa = PBXFileReference; lastKnownFileType = sourcecode.swift; path = TweetFiltrViewModel.swift; sourceTree = "<group>"; };
		C9E95BA528290522002892CA /* NewTweetView.swift */ = {isa = PBXFileReference; lastKnownFileType = sourcecode.swift; path = NewTweetView.swift; sourceTree = "<group>"; };
		C9E95BA72829070D002892CA /* TextArea.swift */ = {isa = PBXFileReference; lastKnownFileType = sourcecode.swift; path = TextArea.swift; sourceTree = "<group>"; };
		C9E95BAC2829EE07002892CA /* LoginView.swift */ = {isa = PBXFileReference; lastKnownFileType = sourcecode.swift; path = LoginView.swift; sourceTree = "<group>"; };
		C9E95BAE2829EE13002892CA /* RegistrationView.swift */ = {isa = PBXFileReference; lastKnownFileType = sourcecode.swift; path = RegistrationView.swift; sourceTree = "<group>"; };
		C9E95BB02829EF1D002892CA /* RoundedShape.swift */ = {isa = PBXFileReference; lastKnownFileType = sourcecode.swift; path = RoundedShape.swift; sourceTree = "<group>"; };
/* End PBXFileReference section */

/* Begin PBXFrameworksBuildPhase section */
		C95F742C2828A5CD00EB5757 /* Frameworks */ = {
			isa = PBXFrameworksBuildPhase;
			buildActionMask = 2147483647;
			files = (
			);
			runOnlyForDeploymentPostprocessing = 0;
		};
		C95F743C2828A5CD00EB5757 /* Frameworks */ = {
			isa = PBXFrameworksBuildPhase;
			buildActionMask = 2147483647;
			files = (
			);
			runOnlyForDeploymentPostprocessing = 0;
		};
		C95F74462828A5CD00EB5757 /* Frameworks */ = {
			isa = PBXFrameworksBuildPhase;
			buildActionMask = 2147483647;
			files = (
			);
			runOnlyForDeploymentPostprocessing = 0;
		};
/* End PBXFrameworksBuildPhase section */

/* Begin PBXGroup section */
		C9176B0E2828D8F8005F45F8 /* ViewModel */ = {
			isa = PBXGroup;
			children = (
			);
			path = ViewModel;
			sourceTree = "<group>";
		};
		C9176B0F2828D900005F45F8 /* Views */ = {
			isa = PBXGroup;
			children = (
			);
			path = Views;
			sourceTree = "<group>";
		};
		C9176B112828D946005F45F8 /* Users */ = {
			isa = PBXGroup;
			children = (
				C9176B122828D95D005F45F8 /* UserRowView.swift */,
				C9176B1D2828E38C005F45F8 /* UserstatsView.swift */,
			);
			path = Users;
			sourceTree = "<group>";
		};
		C9176B142828DC4A005F45F8 /* SideMenu */ = {
			isa = PBXGroup;
			children = (
				C9176B162828DC5A005F45F8 /* Views */,
				C9176B152828DC52005F45F8 /* ViewModel */,
			);
			path = SideMenu;
			sourceTree = "<group>";
		};
		C9176B152828DC52005F45F8 /* ViewModel */ = {
			isa = PBXGroup;
			children = (
				C9176B1B2828DCA8005F45F8 /* SideMenuViewModel.swift */,
			);
			path = ViewModel;
			sourceTree = "<group>";
		};
		C9176B162828DC5A005F45F8 /* Views */ = {
			isa = PBXGroup;
			children = (
				C9176B172828DC7E005F45F8 /* SideMenuView.swift */,
				C9176B1F2828ED9F005F45F8 /* SideMenuOptionRowView.swift */,
			);
			path = Views;
			sourceTree = "<group>";
		};
		C9176B21282900A3005F45F8 /* UploadTweet */ = {
			isa = PBXGroup;
			children = (
				C9176B23282900C1005F45F8 /* Views */,
				C9176B22282900BC005F45F8 /* ViewModels */,
			);
			path = UploadTweet;
			sourceTree = "<group>";
		};
		C9176B22282900BC005F45F8 /* ViewModels */ = {
			isa = PBXGroup;
			children = (
			);
			path = ViewModels;
			sourceTree = "<group>";
		};
		C9176B23282900C1005F45F8 /* Views */ = {
			isa = PBXGroup;
			children = (
				C9E95BA528290522002892CA /* NewTweetView.swift */,
			);
			path = Views;
			sourceTree = "<group>";
		};
		C95F74262828A5CD00EB5757 = {
			isa = PBXGroup;
			children = (
				C95F74312828A5CD00EB5757 /* test3 */,
				C95F74422828A5CD00EB5757 /* test3Tests */,
				C95F744C2828A5CD00EB5757 /* test3UITests */,
				C95F74302828A5CD00EB5757 /* Products */,
			);
			sourceTree = "<group>";
		};
		C95F74302828A5CD00EB5757 /* Products */ = {
			isa = PBXGroup;
			children = (
				C95F742F2828A5CD00EB5757 /* test3.app */,
				C95F743F2828A5CD00EB5757 /* test3Tests.xctest */,
				C95F74492828A5CD00EB5757 /* test3UITests.xctest */,
			);
			name = Products;
			sourceTree = "<group>";
		};
		C95F74312828A5CD00EB5757 /* test3 */ = {
			isa = PBXGroup;
			children = (
				C95F74602828AAE500EB5757 /* Serivce */,
				C95F745E2828AAC000EB5757 /* Modal */,
				C95F745D2828AAB900EB5757 /* Extenstions */,
				C95F745F2828AAD400EB5757 /* Core */,
				C95F74322828A5CD00EB5757 /* test3App.swift */,
				C95F74342828A5CD00EB5757 /* ContentView.swift */,
				C95F74362828A5CD00EB5757 /* Assets.xcassets */,
				C95F74382828A5CD00EB5757 /* Preview Content */,
			);
			path = test3;
			sourceTree = "<group>";
		};
		C95F74382828A5CD00EB5757 /* Preview Content */ = {
			isa = PBXGroup;
			children = (
				C95F74392828A5CD00EB5757 /* Preview Assets.xcassets */,
			);
			path = "Preview Content";
			sourceTree = "<group>";
		};
		C95F74422828A5CD00EB5757 /* test3Tests */ = {
			isa = PBXGroup;
			children = (
				C95F74432828A5CD00EB5757 /* test3Tests.swift */,
			);
			path = test3Tests;
			sourceTree = "<group>";
		};
		C95F744C2828A5CD00EB5757 /* test3UITests */ = {
			isa = PBXGroup;
			children = (
				C95F744D2828A5CD00EB5757 /* test3UITests.swift */,
				C95F744F2828A5CD00EB5757 /* test3UITestsLaunchTests.swift */,
			);
			path = test3UITests;
			sourceTree = "<group>";
		};
		C95F745D2828AAB900EB5757 /* Extenstions */ = {
			isa = PBXGroup;
			children = (
			);
			path = Extenstions;
			sourceTree = "<group>";
		};
		C95F745E2828AAC000EB5757 /* Modal */ = {
			isa = PBXGroup;
			children = (
			);
			path = Modal;
			sourceTree = "<group>";
		};
		C95F745F2828AAD400EB5757 /* Core */ = {
			isa = PBXGroup;
			children = (
				C9E95BA92829EDED002892CA /* Authentication */,
				C9176B21282900A3005F45F8 /* UploadTweet */,
				C9176B142828DC4A005F45F8 /* SideMenu */,
				C95F74612828AAEA00EB5757 /* Componants */,
				C95F74702828B3F800EB5757 /* Profile */,
				C95F746D2828B3CF00EB5757 /* Expolre */,
				C95F746F2828B3E900EB5757 /* Messages */,
				C95F746E2828B3E000EB5757 /* Notifications */,
				C95F746A2828B28E00EB5757 /* MainTab */,
				C95F74622828AAF800EB5757 /* Feed */,
			);
			path = Core;
			sourceTree = "<group>";
		};
		C95F74602828AAE500EB5757 /* Serivce */ = {
			isa = PBXGroup;
			children = (
			);
			path = Serivce;
			sourceTree = "<group>";
		};
		C95F74612828AAEA00EB5757 /* Componants */ = {
			isa = PBXGroup;
			children = (
				C9176B112828D946005F45F8 /* Users */,
				C95F74672828AC8F00EB5757 /* Tweets */,
				C9E95BA72829070D002892CA /* TextArea.swift */,
				C9E95BB02829EF1D002892CA /* RoundedShape.swift */,
			);
			path = Componants;
			sourceTree = "<group>";
		};
		C95F74622828AAF800EB5757 /* Feed */ = {
			isa = PBXGroup;
			children = (
				C95F74642828AB4B00EB5757 /* View */,
				C95F74632828AB4100EB5757 /* ViewModels */,
			);
			path = Feed;
			sourceTree = "<group>";
		};
		C95F74632828AB4100EB5757 /* ViewModels */ = {
			isa = PBXGroup;
			children = (
			);
			path = ViewModels;
			sourceTree = "<group>";
		};
		C95F74642828AB4B00EB5757 /* View */ = {
			isa = PBXGroup;
			children = (
				C95F74652828AB6400EB5757 /* FeedView.swift */,
			);
			path = View;
			sourceTree = "<group>";
		};
		C95F74672828AC8F00EB5757 /* Tweets */ = {
			isa = PBXGroup;
			children = (
				C95F74682828AD7E00EB5757 /* TweetsRowView.swift */,
			);
			path = Tweets;
			sourceTree = "<group>";
		};
		C95F746A2828B28E00EB5757 /* MainTab */ = {
			isa = PBXGroup;
			children = (
				C95F746B2828B2D600EB5757 /* MainTabView.swift */,
			);
			path = MainTab;
			sourceTree = "<group>";
		};
		C95F746D2828B3CF00EB5757 /* Expolre */ = {
			isa = PBXGroup;
			children = (
				C9176B0F2828D900005F45F8 /* Views */,
				C9176B0E2828D8F8005F45F8 /* ViewModel */,
				C95F74722828B42A00EB5757 /* ExploreView.swift */,
			);
			path = Expolre;
			sourceTree = "<group>";
		};
		C95F746E2828B3E000EB5757 /* Notifications */ = {
			isa = PBXGroup;
			children = (
				C95F74752828B44500EB5757 /* NotificationsView.swift */,
			);
			path = Notifications;
			sourceTree = "<group>";
		};
		C95F746F2828B3E900EB5757 /* Messages */ = {
			isa = PBXGroup;
			children = (
				C95F74772828B46000EB5757 /* MessagesView.swift */,
			);
			path = Messages;
			sourceTree = "<group>";
		};
		C95F74702828B3F800EB5757 /* Profile */ = {
			isa = PBXGroup;
			children = (
				C95F747A2828B56100EB5757 /* Views */,
				C95F74792828B55900EB5757 /* ViewModels */,
			);
			path = Profile;
			sourceTree = "<group>";
		};
		C95F74792828B55900EB5757 /* ViewModels */ = {
			isa = PBXGroup;
			children = (
				C95F747D2828BEB500EB5757 /* TweetFiltrViewModel.swift */,
			);
			path = ViewModels;
			sourceTree = "<group>";
		};
		C95F747A2828B56100EB5757 /* Views */ = {
			isa = PBXGroup;
			children = (
				C95F747B2828B57800EB5757 /* ProfileView.swift */,
			);
			path = Views;
			sourceTree = "<group>";
		};
		C9E95BA92829EDED002892CA /* Authentication */ = {
			isa = PBXGroup;
			children = (
				C9E95BAB2829EDFB002892CA /* View */,
				C9E95BAA2829EDF4002892CA /* ViewModel */,
			);
			path = Authentication;
			sourceTree = "<group>";
		};
		C9E95BAA2829EDF4002892CA /* ViewModel */ = {
			isa = PBXGroup;
			children = (
			);
			path = ViewModel;
			sourceTree = "<group>";
		};
		C9E95BAB2829EDFB002892CA /* View */ = {
			isa = PBXGroup;
			children = (
				C9E95BAC2829EE07002892CA /* LoginView.swift */,
				C9E95BAE2829EE13002892CA /* RegistrationView.swift */,
			);
			path = View;
			sourceTree = "<group>";
		};
/* End PBXGroup section */

/* Begin PBXNativeTarget section */
		C95F742E2828A5CD00EB5757 /* test3 */ = {
			isa = PBXNativeTarget;
			buildConfigurationList = C95F74532828A5CD00EB5757 /* Build configuration list for PBXNativeTarget "test3" */;
			buildPhases = (
				C95F742B2828A5CD00EB5757 /* Sources */,
				C95F742C2828A5CD00EB5757 /* Frameworks */,
				C95F742D2828A5CD00EB5757 /* Resources */,
			);
			buildRules = (
			);
			dependencies = (
			);
			name = test3;
			productName = test3;
			productReference = C95F742F2828A5CD00EB5757 /* test3.app */;
			productType = "com.apple.product-type.application";
		};
		C95F743E2828A5CD00EB5757 /* test3Tests */ = {
			isa = PBXNativeTarget;
			buildConfigurationList = C95F74562828A5CD00EB5757 /* Build configuration list for PBXNativeTarget "test3Tests" */;
			buildPhases = (
				C95F743B2828A5CD00EB5757 /* Sources */,
				C95F743C2828A5CD00EB5757 /* Frameworks */,
				C95F743D2828A5CD00EB5757 /* Resources */,
			);
			buildRules = (
			);
			dependencies = (
				C95F74412828A5CD00EB5757 /* PBXTargetDependency */,
			);
			name = test3Tests;
			productName = test3Tests;
			productReference = C95F743F2828A5CD00EB5757 /* test3Tests.xctest */;
			productType = "com.apple.product-type.bundle.unit-test";
		};
		C95F74482828A5CD00EB5757 /* test3UITests */ = {
			isa = PBXNativeTarget;
			buildConfigurationList = C95F74592828A5CD00EB5757 /* Build configuration list for PBXNativeTarget "test3UITests" */;
			buildPhases = (
				C95F74452828A5CD00EB5757 /* Sources */,
				C95F74462828A5CD00EB5757 /* Frameworks */,
				C95F74472828A5CD00EB5757 /* Resources */,
			);
			buildRules = (
			);
			dependencies = (
				C95F744B2828A5CD00EB5757 /* PBXTargetDependency */,
			);
			name = test3UITests;
			productName = test3UITests;
			productReference = C95F74492828A5CD00EB5757 /* test3UITests.xctest */;
			productType = "com.apple.product-type.bundle.ui-testing";
		};
/* End PBXNativeTarget section */

/* Begin PBXProject section */
		C95F74272828A5CD00EB5757 /* Project object */ = {
			isa = PBXProject;
			attributes = {
				BuildIndependentTargetsInParallel = 1;
				LastSwiftUpdateCheck = 1330;
				LastUpgradeCheck = 1330;
				TargetAttributes = {
					C95F742E2828A5CD00EB5757 = {
						CreatedOnToolsVersion = 13.3.1;
					};
					C95F743E2828A5CD00EB5757 = {
						CreatedOnToolsVersion = 13.3.1;
						TestTargetID = C95F742E2828A5CD00EB5757;
					};
					C95F74482828A5CD00EB5757 = {
						CreatedOnToolsVersion = 13.3.1;
						TestTargetID = C95F742E2828A5CD00EB5757;
					};
				};
			};
			buildConfigurationList = C95F742A2828A5CD00EB5757 /* Build configuration list for PBXProject "test3" */;
			compatibilityVersion = "Xcode 13.0";
			developmentRegion = en;
			hasScannedForEncodings = 0;
			knownRegions = (
				en,
				Base,
			);
			mainGroup = C95F74262828A5CD00EB5757;
			productRefGroup = C95F74302828A5CD00EB5757 /* Products */;
			projectDirPath = "";
			projectRoot = "";
			targets = (
				C95F742E2828A5CD00EB5757 /* test3 */,
				C95F743E2828A5CD00EB5757 /* test3Tests */,
				C95F74482828A5CD00EB5757 /* test3UITests */,
			);
		};
/* End PBXProject section */

/* Begin PBXResourcesBuildPhase section */
		C95F742D2828A5CD00EB5757 /* Resources */ = {
			isa = PBXResourcesBuildPhase;
			buildActionMask = 2147483647;
			files = (
				C95F743A2828A5CD00EB5757 /* Preview Assets.xcassets in Resources */,
				C95F74372828A5CD00EB5757 /* Assets.xcassets in Resources */,
			);
			runOnlyForDeploymentPostprocessing = 0;
		};
		C95F743D2828A5CD00EB5757 /* Resources */ = {
			isa = PBXResourcesBuildPhase;
			buildActionMask = 2147483647;
			files = (
			);
			runOnlyForDeploymentPostprocessing = 0;
		};
		C95F74472828A5CD00EB5757 /* Resources */ = {
			isa = PBXResourcesBuildPhase;
			buildActionMask = 2147483647;
			files = (
			);
			runOnlyForDeploymentPostprocessing = 0;
		};
/* End PBXResourcesBuildPhase section */

/* Begin PBXSourcesBuildPhase section */
		C95F742B2828A5CD00EB5757 /* Sources */ = {
			isa = PBXSourcesBuildPhase;
			buildActionMask = 2147483647;
			files = (
				C95F74782828B46000EB5757 /* MessagesView.swift in Sources */,
				C9176B1E2828E38C005F45F8 /* UserstatsView.swift in Sources */,
				C95F747C2828B57800EB5757 /* ProfileView.swift in Sources */,
				C95F74352828A5CD00EB5757 /* ContentView.swift in Sources */,
				C95F74692828AD7E00EB5757 /* TweetsRowView.swift in Sources */,
				C95F747E2828BEB500EB5757 /* TweetFiltrViewModel.swift in Sources */,
				C95F74662828AB6400EB5757 /* FeedView.swift in Sources */,
				C9176B182828DC7E005F45F8 /* SideMenuView.swift in Sources */,
				C95F74332828A5CD00EB5757 /* test3App.swift in Sources */,
				C95F74732828B42A00EB5757 /* ExploreView.swift in Sources */,
				C9E95BA82829070D002892CA /* TextArea.swift in Sources */,
				C9176B1C2828DCA8005F45F8 /* SideMenuViewModel.swift in Sources */,
				C9E95BAD2829EE07002892CA /* LoginView.swift in Sources */,
				C9E95BAF2829EE13002892CA /* RegistrationView.swift in Sources */,
				C9E95BA628290522002892CA /* NewTweetView.swift in Sources */,
				C9E95BB12829EF1D002892CA /* RoundedShape.swift in Sources */,
				C9176B202828ED9F005F45F8 /* SideMenuOptionRowView.swift in Sources */,
				C9176B132828D95D005F45F8 /* UserRowView.swift in Sources */,
				C95F746C2828B2D600EB5757 /* MainTabView.swift in Sources */,
				C95F74762828B44500EB5757 /* NotificationsView.swift in Sources */,
			);
			runOnlyForDeploymentPostprocessing = 0;
		};
		C95F743B2828A5CD00EB5757 /* Sources */ = {
			isa = PBXSourcesBuildPhase;
			buildActionMask = 2147483647;
			files = (
				C95F74442828A5CD00EB5757 /* test3Tests.swift in Sources */,
			);
			runOnlyForDeploymentPostprocessing = 0;
		};
		C95F74452828A5CD00EB5757 /* Sources */ = {
			isa = PBXSourcesBuildPhase;
			buildActionMask = 2147483647;
			files = (
				C95F74502828A5CD00EB5757 /* test3UITestsLaunchTests.swift in Sources */,
				C95F744E2828A5CD00EB5757 /* test3UITests.swift in Sources */,
			);
			runOnlyForDeploymentPostprocessing = 0;
		};
/* End PBXSourcesBuildPhase section */

/* Begin PBXTargetDependency section */
		C95F74412828A5CD00EB5757 /* PBXTargetDependency */ = {
			isa = PBXTargetDependency;
			target = C95F742E2828A5CD00EB5757 /* test3 */;
			targetProxy = C95F74402828A5CD00EB5757 /* PBXContainerItemProxy */;
		};
		C95F744B2828A5CD00EB5757 /* PBXTargetDependency */ = {
			isa = PBXTargetDependency;
			target = C95F742E2828A5CD00EB5757 /* test3 */;
			targetProxy = C95F744A2828A5CD00EB5757 /* PBXContainerItemProxy */;
		};
/* End PBXTargetDependency section */

/* Begin XCBuildConfiguration section */
		C95F74512828A5CD00EB5757 /* Debug */ = {
			isa = XCBuildConfiguration;
			buildSettings = {
				ALWAYS_SEARCH_USER_PATHS = NO;
				CLANG_ANALYZER_NONNULL = YES;
				CLANG_ANALYZER_NUMBER_OBJECT_CONVERSION = YES_AGGRESSIVE;
				CLANG_CXX_LANGUAGE_STANDARD = "gnu++17";
				CLANG_ENABLE_MODULES = YES;
				CLANG_ENABLE_OBJC_ARC = YES;
				CLANG_ENABLE_OBJC_WEAK = YES;
				CLANG_WARN_BLOCK_CAPTURE_AUTORELEASING = YES;
				CLANG_WARN_BOOL_CONVERSION = YES;
				CLANG_WARN_COMMA = YES;
				CLANG_WARN_CONSTANT_CONVERSION = YES;
				CLANG_WARN_DEPRECATED_OBJC_IMPLEMENTATIONS = YES;
				CLANG_WARN_DIRECT_OBJC_ISA_USAGE = YES_ERROR;
				CLANG_WARN_DOCUMENTATION_COMMENTS = YES;
				CLANG_WARN_EMPTY_BODY = YES;
				CLANG_WARN_ENUM_CONVERSION = YES;
				CLANG_WARN_INFINITE_RECURSION = YES;
				CLANG_WARN_INT_CONVERSION = YES;
				CLANG_WARN_NON_LITERAL_NULL_CONVERSION = YES;
				CLANG_WARN_OBJC_IMPLICIT_RETAIN_SELF = YES;
				CLANG_WARN_OBJC_LITERAL_CONVERSION = YES;
				CLANG_WARN_OBJC_ROOT_CLASS = YES_ERROR;
				CLANG_WARN_QUOTED_INCLUDE_IN_FRAMEWORK_HEADER = YES;
				CLANG_WARN_RANGE_LOOP_ANALYSIS = YES;
				CLANG_WARN_STRICT_PROTOTYPES = YES;
				CLANG_WARN_SUSPICIOUS_MOVE = YES;
				CLANG_WARN_UNGUARDED_AVAILABILITY = YES_AGGRESSIVE;
				CLANG_WARN_UNREACHABLE_CODE = YES;
				CLANG_WARN__DUPLICATE_METHOD_MATCH = YES;
				COPY_PHASE_STRIP = NO;
				DEBUG_INFORMATION_FORMAT = dwarf;
				ENABLE_STRICT_OBJC_MSGSEND = YES;
				ENABLE_TESTABILITY = YES;
				GCC_C_LANGUAGE_STANDARD = gnu11;
				GCC_DYNAMIC_NO_PIC = NO;
				GCC_NO_COMMON_BLOCKS = YES;
				GCC_OPTIMIZATION_LEVEL = 0;
				GCC_PREPROCESSOR_DEFINITIONS = (
					"DEBUG=1",
					"$(inherited)",
				);
				GCC_WARN_64_TO_32_BIT_CONVERSION = YES;
				GCC_WARN_ABOUT_RETURN_TYPE = YES_ERROR;
				GCC_WARN_UNDECLARED_SELECTOR = YES;
				GCC_WARN_UNINITIALIZED_AUTOS = YES_AGGRESSIVE;
				GCC_WARN_UNUSED_FUNCTION = YES;
				GCC_WARN_UNUSED_VARIABLE = YES;
				IPHONEOS_DEPLOYMENT_TARGET = 15.4;
				MTL_ENABLE_DEBUG_INFO = INCLUDE_SOURCE;
				MTL_FAST_MATH = YES;
				ONLY_ACTIVE_ARCH = YES;
				SDKROOT = iphoneos;
				SWIFT_ACTIVE_COMPILATION_CONDITIONS = DEBUG;
				SWIFT_OPTIMIZATION_LEVEL = "-Onone";
			};
			name = Debug;
		};
		C95F74522828A5CD00EB5757 /* Release */ = {
			isa = XCBuildConfiguration;
			buildSettings = {
				ALWAYS_SEARCH_USER_PATHS = NO;
				CLANG_ANALYZER_NONNULL = YES;
				CLANG_ANALYZER_NUMBER_OBJECT_CONVERSION = YES_AGGRESSIVE;
				CLANG_CXX_LANGUAGE_STANDARD = "gnu++17";
				CLANG_ENABLE_MODULES = YES;
				CLANG_ENABLE_OBJC_ARC = YES;
				CLANG_ENABLE_OBJC_WEAK = YES;
				CLANG_WARN_BLOCK_CAPTURE_AUTORELEASING = YES;
				CLANG_WARN_BOOL_CONVERSION = YES;
				CLANG_WARN_COMMA = YES;
				CLANG_WARN_CONSTANT_CONVERSION = YES;
				CLANG_WARN_DEPRECATED_OBJC_IMPLEMENTATIONS = YES;
				CLANG_WARN_DIRECT_OBJC_ISA_USAGE = YES_ERROR;
				CLANG_WARN_DOCUMENTATION_COMMENTS = YES;
				CLANG_WARN_EMPTY_BODY = YES;
				CLANG_WARN_ENUM_CONVERSION = YES;
				CLANG_WARN_INFINITE_RECURSION = YES;
				CLANG_WARN_INT_CONVERSION = YES;
				CLANG_WARN_NON_LITERAL_NULL_CONVERSION = YES;
				CLANG_WARN_OBJC_IMPLICIT_RETAIN_SELF = YES;
				CLANG_WARN_OBJC_LITERAL_CONVERSION = YES;
				CLANG_WARN_OBJC_ROOT_CLASS = YES_ERROR;
				CLANG_WARN_QUOTED_INCLUDE_IN_FRAMEWORK_HEADER = YES;
				CLANG_WARN_RANGE_LOOP_ANALYSIS = YES;
				CLANG_WARN_STRICT_PROTOTYPES = YES;
				CLANG_WARN_SUSPICIOUS_MOVE = YES;
				CLANG_WARN_UNGUARDED_AVAILABILITY = YES_AGGRESSIVE;
				CLANG_WARN_UNREACHABLE_CODE = YES;
				CLANG_WARN__DUPLICATE_METHOD_MATCH = YES;
				COPY_PHASE_STRIP = NO;
				DEBUG_INFORMATION_FORMAT = "dwarf-with-dsym";
				ENABLE_NS_ASSERTIONS = NO;
				ENABLE_STRICT_OBJC_MSGSEND = YES;
				GCC_C_LANGUAGE_STANDARD = gnu11;
				GCC_NO_COMMON_BLOCKS = YES;
				GCC_WARN_64_TO_32_BIT_CONVERSION = YES;
				GCC_WARN_ABOUT_RETURN_TYPE = YES_ERROR;
				GCC_WARN_UNDECLARED_SELECTOR = YES;
				GCC_WARN_UNINITIALIZED_AUTOS = YES_AGGRESSIVE;
				GCC_WARN_UNUSED_FUNCTION = YES;
				GCC_WARN_UNUSED_VARIABLE = YES;
				IPHONEOS_DEPLOYMENT_TARGET = 15.4;
				MTL_ENABLE_DEBUG_INFO = NO;
				MTL_FAST_MATH = YES;
				SDKROOT = iphoneos;
				SWIFT_COMPILATION_MODE = wholemodule;
				SWIFT_OPTIMIZATION_LEVEL = "-O";
				VALIDATE_PRODUCT = YES;
			};
			name = Release;
		};
		C95F74542828A5CD00EB5757 /* Debug */ = {
			isa = XCBuildConfiguration;
			buildSettings = {
				ASSETCATALOG_COMPILER_APPICON_NAME = AppIcon;
				ASSETCATALOG_COMPILER_GLOBAL_ACCENT_COLOR_NAME = AccentColor;
				CODE_SIGN_STYLE = Automatic;
				CURRENT_PROJECT_VERSION = 1;
				DEVELOPMENT_ASSET_PATHS = "\"test3/Preview Content\"";
				ENABLE_PREVIEWS = YES;
				GENERATE_INFOPLIST_FILE = YES;
				INFOPLIST_KEY_UIApplicationSceneManifest_Generation = YES;
				INFOPLIST_KEY_UIApplicationSupportsIndirectInputEvents = YES;
				INFOPLIST_KEY_UILaunchScreen_Generation = YES;
				INFOPLIST_KEY_UISupportedInterfaceOrientations_iPad = "UIInterfaceOrientationPortrait UIInterfaceOrientationPortraitUpsideDown UIInterfaceOrientationLandscapeLeft UIInterfaceOrientationLandscapeRight";
				INFOPLIST_KEY_UISupportedInterfaceOrientations_iPhone = "UIInterfaceOrientationPortrait UIInterfaceOrientationLandscapeLeft UIInterfaceOrientationLandscapeRight";
				LD_RUNPATH_SEARCH_PATHS = (
					"$(inherited)",
					"@executable_path/Frameworks",
				);
				MARKETING_VERSION = 1.0;
				PRODUCT_BUNDLE_IDENTIFIER = new.test3;
				PRODUCT_NAME = "$(TARGET_NAME)";
				SWIFT_EMIT_LOC_STRINGS = YES;
				SWIFT_VERSION = 5.0;
				TARGETED_DEVICE_FAMILY = "1,2";
			};
			name = Debug;
		};
		C95F74552828A5CD00EB5757 /* Release */ = {
			isa = XCBuildConfiguration;
			buildSettings = {
				ASSETCATALOG_COMPILER_APPICON_NAME = AppIcon;
				ASSETCATALOG_COMPILER_GLOBAL_ACCENT_COLOR_NAME = AccentColor;
				CODE_SIGN_STYLE = Automatic;
				CURRENT_PROJECT_VERSION = 1;
				DEVELOPMENT_ASSET_PATHS = "\"test3/Preview Content\"";
				ENABLE_PREVIEWS = YES;
				GENERATE_INFOPLIST_FILE = YES;
				INFOPLIST_KEY_UIApplicationSceneManifest_Generation = YES;
				INFOPLIST_KEY_UIApplicationSupportsIndirectInputEvents = YES;
				INFOPLIST_KEY_UILaunchScreen_Generation = YES;
				INFOPLIST_KEY_UISupportedInterfaceOrientations_iPad = "UIInterfaceOrientationPortrait UIInterfaceOrientationPortraitUpsideDown UIInterfaceOrientationLandscapeLeft UIInterfaceOrientationLandscapeRight";
				INFOPLIST_KEY_UISupportedInterfaceOrientations_iPhone = "UIInterfaceOrientationPortrait UIInterfaceOrientationLandscapeLeft UIInterfaceOrientationLandscapeRight";
				LD_RUNPATH_SEARCH_PATHS = (
					"$(inherited)",
					"@executable_path/Frameworks",
				);
				MARKETING_VERSION = 1.0;
				PRODUCT_BUNDLE_IDENTIFIER = new.test3;
				PRODUCT_NAME = "$(TARGET_NAME)";
				SWIFT_EMIT_LOC_STRINGS = YES;
				SWIFT_VERSION = 5.0;
				TARGETED_DEVICE_FAMILY = "1,2";
			};
			name = Release;
		};
		C95F74572828A5CD00EB5757 /* Debug */ = {
			isa = XCBuildConfiguration;
			buildSettings = {
				ALWAYS_EMBED_SWIFT_STANDARD_LIBRARIES = YES;
				BUNDLE_LOADER = "$(TEST_HOST)";
				CODE_SIGN_STYLE = Automatic;
				CURRENT_PROJECT_VERSION = 1;
				GENERATE_INFOPLIST_FILE = YES;
				IPHONEOS_DEPLOYMENT_TARGET = 15.4;
				MARKETING_VERSION = 1.0;
				PRODUCT_BUNDLE_IDENTIFIER = new.test3Tests;
				PRODUCT_NAME = "$(TARGET_NAME)";
				SWIFT_EMIT_LOC_STRINGS = NO;
				SWIFT_VERSION = 5.0;
				TARGETED_DEVICE_FAMILY = "1,2";
				TEST_HOST = "$(BUILT_PRODUCTS_DIR)/test3.app/test3";
			};
			name = Debug;
		};
		C95F74582828A5CD00EB5757 /* Release */ = {
			isa = XCBuildConfiguration;
			buildSettings = {
				ALWAYS_EMBED_SWIFT_STANDARD_LIBRARIES = YES;
				BUNDLE_LOADER = "$(TEST_HOST)";
				CODE_SIGN_STYLE = Automatic;
				CURRENT_PROJECT_VERSION = 1;
				GENERATE_INFOPLIST_FILE = YES;
				IPHONEOS_DEPLOYMENT_TARGET = 15.4;
				MARKETING_VERSION = 1.0;
				PRODUCT_BUNDLE_IDENTIFIER = new.test3Tests;
				PRODUCT_NAME = "$(TARGET_NAME)";
				SWIFT_EMIT_LOC_STRINGS = NO;
				SWIFT_VERSION = 5.0;
				TARGETED_DEVICE_FAMILY = "1,2";
				TEST_HOST = "$(BUILT_PRODUCTS_DIR)/test3.app/test3";
			};
			name = Release;
		};
		C95F745A2828A5CD00EB5757 /* Debug */ = {
			isa = XCBuildConfiguration;
			buildSettings = {
				ALWAYS_EMBED_SWIFT_STANDARD_LIBRARIES = YES;
				CODE_SIGN_STYLE = Automatic;
				CURRENT_PROJECT_VERSION = 1;
				GENERATE_INFOPLIST_FILE = YES;
				MARKETING_VERSION = 1.0;
				PRODUCT_BUNDLE_IDENTIFIER = new.test3UITests;
				PRODUCT_NAME = "$(TARGET_NAME)";
				SWIFT_EMIT_LOC_STRINGS = NO;
				SWIFT_VERSION = 5.0;
				TARGETED_DEVICE_FAMILY = "1,2";
				TEST_TARGET_NAME = test3;
			};
			name = Debug;
		};
		C95F745B2828A5CD00EB5757 /* Release */ = {
			isa = XCBuildConfiguration;
			buildSettings = {
				ALWAYS_EMBED_SWIFT_STANDARD_LIBRARIES = YES;
				CODE_SIGN_STYLE = Automatic;
				CURRENT_PROJECT_VERSION = 1;
				GENERATE_INFOPLIST_FILE = YES;
				MARKETING_VERSION = 1.0;
				PRODUCT_BUNDLE_IDENTIFIER = new.test3UITests;
				PRODUCT_NAME = "$(TARGET_NAME)";
				SWIFT_EMIT_LOC_STRINGS = NO;
				SWIFT_VERSION = 5.0;
				TARGETED_DEVICE_FAMILY = "1,2";
				TEST_TARGET_NAME = test3;
			};
			name = Release;
		};
/* End XCBuildConfiguration section */

/* Begin XCConfigurationList section */
		C95F742A2828A5CD00EB5757 /* Build configuration list for PBXProject "test3" */ = {
			isa = XCConfigurationList;
			buildConfigurations = (
				C95F74512828A5CD00EB5757 /* Debug */,
				C95F74522828A5CD00EB5757 /* Release */,
			);
			defaultConfigurationIsVisible = 0;
			defaultConfigurationName = Release;
		};
		C95F74532828A5CD00EB5757 /* Build configuration list for PBXNativeTarget "test3" */ = {
			isa = XCConfigurationList;
			buildConfigurations = (
				C95F74542828A5CD00EB5757 /* Debug */,
				C95F74552828A5CD00EB5757 /* Release */,
			);
			defaultConfigurationIsVisible = 0;
			defaultConfigurationName = Release;
		};
		C95F74562828A5CD00EB5757 /* Build configuration list for PBXNativeTarget "test3Tests" */ = {
			isa = XCConfigurationList;
			buildConfigurations = (
				C95F74572828A5CD00EB5757 /* Debug */,
				C95F74582828A5CD00EB5757 /* Release */,
			);
			defaultConfigurationIsVisible = 0;
			defaultConfigurationName = Release;
		};
		C95F74592828A5CD00EB5757 /* Build configuration list for PBXNativeTarget "test3UITests" */ = {
			isa = XCConfigurationList;
			buildConfigurations = (
				C95F745A2828A5CD00EB5757 /* Debug */,
				C95F745B2828A5CD00EB5757 /* Release */,
			);
			defaultConfigurationIsVisible = 0;
			defaultConfigurationName = Release;
		};
/* End XCConfigurationList section */
	};
	rootObject = C95F74272828A5CD00EB5757 /* Project object */;
}
